
Microsoft Visual Studio Solution File, Format Version 12.00
# Visual Studio Version 16
VisualStudioVersion = 16.0.32413.511
MinimumVisualStudioVersion = 10.0.40219.1
Project("{FAE04EC0-301F-11D3-BF4B-00C04F79EFBC}") = "CitiesWebsite_new", "CitiesWebsite_new\CitiesWebsite_new.csproj", "{35E8C7FE-5D34-4A0A-8D99-B61C57685E00}"
EndProject
Global
	GlobalSection(SolutionConfigurationPlatforms) = preSolution
		Debug|Any CPU = Debug|Any CPU
		Release|Any CPU = Release|Any CPU
	EndGlobalSection
	GlobalSection(ProjectConfigurationPlatforms) = postSolution
		{35E8C7FE-5D34-4A0A-8D99-B61C57685E00}.Debug|Any CPU.ActiveCfg = Debug|Any CPU
		{35E8C7FE-5D34-4A0A-8D99-B61C57685E00}.Debug|Any CPU.Build.0 = Debug|Any CPU
		{35E8C7FE-5D34-4A0A-8D99-B61C57685E00}.Release|Any CPU.ActiveCfg = Release|Any CPU
		{35E8C7FE-5D34-4A0A-8D99-B61C57685E00}.Release|Any CPU.Build.0 = Release|Any CPU
	EndGlobalSection
	GlobalSection(SolutionProperties) = preSolution
		HideSolutionNode = FALSE
	EndGlobalSection
	GlobalSection(ExtensibilityGlobals) = postSolution
		SolutionGuid = {5B3BF41C-B1CA-45D8-BF04-70E686BAC845}
	EndGlobalSection
EndGlobal
